
Microsoft Visual Studio Solution File, Format Version 12.00
# Visual Studio Version 16
VisualStudioVersion = 16.0.31424.327
MinimumVisualStudioVersion = 10.0.40219.1
Project("{FAE04EC0-301F-11D3-BF4B-00C04F79EFBC}") = "Password checker", "Password checker\Password checker.csproj", "{F777FD31-AD76-4562-AC23-F62B1768F376}"
EndProject
Global
	GlobalSection(SolutionConfigurationPlatforms) = preSolution
		Debug|Any CPU = Debug|Any CPU
		Release|Any CPU = Release|Any CPU
	EndGlobalSection
	GlobalSection(ProjectConfigurationPlatforms) = postSolution
		{F777FD31-AD76-4562-AC23-F62B1768F376}.Debug|Any CPU.ActiveCfg = Debug|Any CPU
		{F777FD31-AD76-4562-AC23-F62B1768F376}.Debug|Any CPU.Build.0 = Debug|Any CPU
		{F777FD31-AD76-4562-AC23-F62B1768F376}.Release|Any CPU.ActiveCfg = Release|Any CPU
		{F777FD31-AD76-4562-AC23-F62B1768F376}.Release|Any CPU.Build.0 = Release|Any CPU
	EndGlobalSection
	GlobalSection(SolutionProperties) = preSolution
		HideSolutionNode = FALSE
	EndGlobalSection
	GlobalSection(ExtensibilityGlobals) = postSolution
		SolutionGuid = {5DBF5195-3725-423A-BCB2-80C00A0BDD98}
	EndGlobalSection
EndGlobal
